<?xml version="1.0" encoding="UTF-8" standalone="yes" ?>
<CodeBlocks_project_file>
	<FileVersion major="1" minor="6" />
	<Project>
		<Option title="7zlib" />
		<Option pch_mode="2" />
		<Option compiler="gcc" />
		<Build>
			<Target title="Release">
				<Option output="bin/Release/7zlib" prefix_auto="1" extension_auto="1" />
				<Option working_dir="" />
				<Option object_output="obj/Release/" />
				<Option type="2" />
				<Option compiler="gcc" />
				<Option createDefFile="1" />
				<Compiler>
					<Add option="-O2" />
					<Add option="-Wall" />
				</Compiler>
				<Linker>
					<Add option="-s" />
				</Linker>
			</Target>
			<Target title="Debug">
				<Option output="bin/Debug/7zlib" prefix_auto="1" extension_auto="1" />
				<Option working_dir="bin/Debug/" />
				<Option object_output="obj/Debug/" />
				<Option type="1" />
				<Option compiler="gcc" />
				<Compiler>
					<Add option="-O2" />
					<Add option="-Wall" />
					<Add option="-DMY_DEBUG" />
				</Compiler>
				<Linker>
					<Add option="-s" />
				</Linker>
			</Target>
		</Build>
		<Compiler>
			<Add option="-Wall" />
		</Compiler>
		<Unit filename="../../../7z.h" />
		<Unit filename="../../../7zAlloc.c">
			<Option compilerVar="CC" />
		</Unit>
		<Unit filename="../../../7zAlloc.h" />
		<Unit filename="../../../7zArcIn.c">
			<Option compilerVar="CC" />
		</Unit>
		<Unit filename="../../../7zBuf.c">
			<Option compilerVar="CC" />
		</Unit>
		<Unit filename="../../../7zBuf.h" />
		<Unit filename="../../../7zBuf2.c">
			<Option compilerVar="CC" />
		</Unit>
		<Unit filename="../../../7zCrc.c">
			<Option compilerVar="CC" />
		</Unit>
		<Unit filename="../../../7zCrc.h" />
		<Unit filename="../../../7zCrcOpt.c">
			<Option compilerVar="CC" />
		</Unit>
		<Unit filename="../../../7zDec.c">
			<Option compilerVar="CC" />
		</Unit>
		<Unit filename="../../../7zFile.c">
			<Option compilerVar="CC" />
		</Unit>
		<Unit filename="../../../7zFile.h" />
		<Unit filename="../../../7zStream.c">
			<Option compilerVar="CC" />
		</Unit>
		<Unit filename="../../../7zVersion.h" />
		<Unit filename="../../../Bcj2.c">
			<Option compilerVar="CC" />
		</Unit>
		<Unit filename="../../../Bcj2.h" />
		<Unit filename="../../../Bra.c">
			<Option compilerVar="CC" />
		</Unit>
		<Unit filename="../../../Bra.h" />
		<Unit filename="../../../Bra86.c">
			<Option compilerVar="CC" />
		</Unit>
		<Unit filename="../../../BraIA64.c">
			<Option compilerVar="CC" />
		</Unit>
		<Unit filename="../../../CpuArch.c">
			<Option compilerVar="CC" />
		</Unit>
		<Unit filename="../../../CpuArch.h" />
		<Unit filename="../../../Delta.c">
			<Option compilerVar="CC" />
		</Unit>
		<Unit filename="../../../Delta.h" />
		<Unit filename="../../../Lzma2Dec.c">
			<Option compilerVar="CC" />
		</Unit>
		<Unit filename="../../../Lzma2Dec.h" />
		<Unit filename="../../../LzmaDec.c">
			<Option compilerVar="CC" />
		</Unit>
		<Unit filename="../../../LzmaDec.h" />
		<Unit filename="../../../Ppmd7.c">
			<Option compilerVar="CC" />
		</Unit>
		<Unit filename="../../../Ppmd7.h" />
		<Unit filename="../../../Ppmd7Dec.c">
			<Option compilerVar="CC" />
		</Unit>
		<Unit filename="../Precomp.c">
			<Option compilerVar="CC" />
		</Unit>
		<Unit filename="../Precomp.h" />
		<Unit filename="7zlib.h" />
		<Unit filename="main.cpp">
			<Option compilerVar="CC" />
		</Unit>
		<Extensions>
			<code_completion />
			<envvars />
			<debugger />
			<lib_finder disable_auto="1" />
		</Extensions>
	</Project>
</CodeBlocks_project_file>
